
Microsoft Visual Studio Solution File, Format Version 12.00
# Visual Studio Version 16
VisualStudioVersion = 16.0.31321.278
MinimumVisualStudioVersion = 10.0.40219.1
Project("{9A19103F-16F7-4668-BE54-9A1E7A4F7556}") = "SealSearch", "SealSearch\SealSearch.csproj", "{46905FCA-D58B-451B-A641-97D375FF148A}"
EndProject
Project("{9A19103F-16F7-4668-BE54-9A1E7A4F7556}") = "FirstFunction", "FirstFunction\FirstFunction.csproj", "{0107BEB1-B22E-4FE0-BEC0-7F4495E7B84D}"
EndProject
Global
	GlobalSection(SolutionConfigurationPlatforms) = preSolution
		Debug|Any CPU = Debug|Any CPU
		Release|Any CPU = Release|Any CPU
	EndGlobalSection
	GlobalSection(ProjectConfigurationPlatforms) = postSolution
		{46905FCA-D58B-451B-A641-97D375FF148A}.Debug|Any CPU.ActiveCfg = Debug|Any CPU
		{46905FCA-D58B-451B-A641-97D375FF148A}.Debug|Any CPU.Build.0 = Debug|Any CPU
		{46905FCA-D58B-451B-A641-97D375FF148A}.Release|Any CPU.ActiveCfg = Release|Any CPU
		{46905FCA-D58B-451B-A641-97D375FF148A}.Release|Any CPU.Build.0 = Release|Any CPU
		{0107BEB1-B22E-4FE0-BEC0-7F4495E7B84D}.Debug|Any CPU.ActiveCfg = Debug|Any CPU
		{0107BEB1-B22E-4FE0-BEC0-7F4495E7B84D}.Debug|Any CPU.Build.0 = Debug|Any CPU
		{0107BEB1-B22E-4FE0-BEC0-7F4495E7B84D}.Release|Any CPU.ActiveCfg = Release|Any CPU
		{0107BEB1-B22E-4FE0-BEC0-7F4495E7B84D}.Release|Any CPU.Build.0 = Release|Any CPU
	EndGlobalSection
	GlobalSection(SolutionProperties) = preSolution
		HideSolutionNode = FALSE
	EndGlobalSection
	GlobalSection(ExtensibilityGlobals) = postSolution
		SolutionGuid = {E70E5571-0CE5-4935-90CA-95538A1EBAA5}
	EndGlobalSection
EndGlobal
